
Microsoft Visual Studio Solution File, Format Version 12.00
# Visual Studio Version 16
VisualStudioVersion = 16.0.31727.386
MinimumVisualStudioVersion = 10.0.40219.1
Project("{9A19103F-16F7-4668-BE54-9A1E7A4F7556}") = "InvoiceApp", "InvoiceApp\InvoiceApp.csproj", "{2D47CC4D-A921-4D6A-B1D4-478A0C662688}"
EndProject
Project("{9A19103F-16F7-4668-BE54-9A1E7A4F7556}") = "BuyCash.App", "..\BuyCash.App\BuyCash.App.csproj", "{195BAFC8-C8E4-4A58-AAF1-95E594FB95F7}"
EndProject
Global
	GlobalSection(SolutionConfigurationPlatforms) = preSolution
		Debug|Any CPU = Debug|Any CPU
		Release|Any CPU = Release|Any CPU
	EndGlobalSection
	GlobalSection(ProjectConfigurationPlatforms) = postSolution
		{2D47CC4D-A921-4D6A-B1D4-478A0C662688}.Debug|Any CPU.ActiveCfg = Debug|Any CPU
		{2D47CC4D-A921-4D6A-B1D4-478A0C662688}.Debug|Any CPU.Build.0 = Debug|Any CPU
		{2D47CC4D-A921-4D6A-B1D4-478A0C662688}.Release|Any CPU.ActiveCfg = Release|Any CPU
		{2D47CC4D-A921-4D6A-B1D4-478A0C662688}.Release|Any CPU.Build.0 = Release|Any CPU
		{195BAFC8-C8E4-4A58-AAF1-95E594FB95F7}.Debug|Any CPU.ActiveCfg = Debug|Any CPU
		{195BAFC8-C8E4-4A58-AAF1-95E594FB95F7}.Debug|Any CPU.Build.0 = Debug|Any CPU
		{195BAFC8-C8E4-4A58-AAF1-95E594FB95F7}.Release|Any CPU.ActiveCfg = Release|Any CPU
		{195BAFC8-C8E4-4A58-AAF1-95E594FB95F7}.Release|Any CPU.Build.0 = Release|Any CPU
	EndGlobalSection
	GlobalSection(SolutionProperties) = preSolution
		HideSolutionNode = FALSE
	EndGlobalSection
	GlobalSection(ExtensibilityGlobals) = postSolution
		SolutionGuid = {DBD8B1A9-90B3-4ACA-A421-57B2994AFA7F}
	EndGlobalSection
EndGlobal
